
Microsoft Visual Studio Solution File, Format Version 12.00
# Visual Studio Version 16
VisualStudioVersion = 16.0.31313.79
MinimumVisualStudioVersion = 10.0.40219.1
Project("{2150E333-8FDC-42A3-9474-1A3956D46DE8}") = "Services", "Services", "{5C5A5AA8-7FEC-4178-8854-D5030C548AF2}"
EndProject
Project("{2150E333-8FDC-42A3-9474-1A3956D46DE8}") = "WebApps", "WebApps", "{58C8D5DF-EDF2-4013-9F0E-032818255E16}"
EndProject
Project("{2150E333-8FDC-42A3-9474-1A3956D46DE8}") = "Cadastros", "Cadastros", "{0A04DFED-9EF6-4B21-9216-38DF89DA06CD}"
EndProject
Project("{2150E333-8FDC-42A3-9474-1A3956D46DE8}") = "Catalogos", "Catalogos", "{D608784C-D8E4-4F17-882D-FCCDC4B70496}"
EndProject
Project("{2150E333-8FDC-42A3-9474-1A3956D46DE8}") = "Core", "Core", "{346F137B-A45F-4CD2-9780-47440FC5FFC3}"
EndProject
Project("{2150E333-8FDC-42A3-9474-1A3956D46DE8}") = "Fiscal", "Fiscal", "{2EF99722-EE66-4B9D-A302-47FB934FD7D6}"
EndProject
Project("{2150E333-8FDC-42A3-9474-1A3956D46DE8}") = "Pagamentos", "Pagamentos", "{6D85DD5B-CD5B-4695-A62D-B64836ACD5FD}"
EndProject
Project("{2150E333-8FDC-42A3-9474-1A3956D46DE8}") = "Vendas", "Vendas", "{0E4905AA-B9C4-4B20-9879-EE3DCA5DF946}"
EndProject
Project("{9A19103F-16F7-4668-BE54-9A1E7A4F7556}") = "NeddStore.Catalogo.Domain", "src\NeddStore.Catalogo.Domain\NeddStore.Catalogo.Domain.csproj", "{EAE96731-3F4F-4433-A21E-ED069F278D5F}"
EndProject
Project("{9A19103F-16F7-4668-BE54-9A1E7A4F7556}") = "NerdStore.Core", "src\NerdStore.Core\NerdStore.Core.csproj", "{315DE1B0-E7C9-42BC-8A1B-4074F6AD4EAB}"
EndProject
Project("{2150E333-8FDC-42A3-9474-1A3956D46DE8}") = "Testes", "Testes", "{7F7564C3-564C-45DA-A3C3-01584E3E0C24}"
EndProject
Project("{FAE04EC0-301F-11D3-BF4B-00C04F79EFBC}") = "NeddStore.Catalogo.Domain.Testes", "testes\NeddStore.Catalogo.Domain.Testes\NeddStore.Catalogo.Domain.Testes.csproj", "{79ECBBFA-F88C-4F0A-8A0F-585AF0D06637}"
EndProject
Project("{FAE04EC0-301F-11D3-BF4B-00C04F79EFBC}") = "NerdStore.Catalogo.Data", "src\NerdStore.Catalogo.Data\NerdStore.Catalogo.Data.csproj", "{CF72F177-A4E4-4DBE-9BAA-31D418E3F4A7}"
EndProject
Global
	GlobalSection(SolutionConfigurationPlatforms) = preSolution
		Debug|Any CPU = Debug|Any CPU
		Release|Any CPU = Release|Any CPU
	EndGlobalSection
	GlobalSection(ProjectConfigurationPlatforms) = postSolution
		{EAE96731-3F4F-4433-A21E-ED069F278D5F}.Debug|Any CPU.ActiveCfg = Debug|Any CPU
		{EAE96731-3F4F-4433-A21E-ED069F278D5F}.Debug|Any CPU.Build.0 = Debug|Any CPU
		{EAE96731-3F4F-4433-A21E-ED069F278D5F}.Release|Any CPU.ActiveCfg = Release|Any CPU
		{EAE96731-3F4F-4433-A21E-ED069F278D5F}.Release|Any CPU.Build.0 = Release|Any CPU
		{315DE1B0-E7C9-42BC-8A1B-4074F6AD4EAB}.Debug|Any CPU.ActiveCfg = Debug|Any CPU
		{315DE1B0-E7C9-42BC-8A1B-4074F6AD4EAB}.Debug|Any CPU.Build.0 = Debug|Any CPU
		{315DE1B0-E7C9-42BC-8A1B-4074F6AD4EAB}.Release|Any CPU.ActiveCfg = Release|Any CPU
		{315DE1B0-E7C9-42BC-8A1B-4074F6AD4EAB}.Release|Any CPU.Build.0 = Release|Any CPU
		{79ECBBFA-F88C-4F0A-8A0F-585AF0D06637}.Debug|Any CPU.ActiveCfg = Debug|Any CPU
		{79ECBBFA-F88C-4F0A-8A0F-585AF0D06637}.Debug|Any CPU.Build.0 = Debug|Any CPU
		{79ECBBFA-F88C-4F0A-8A0F-585AF0D06637}.Release|Any CPU.ActiveCfg = Release|Any CPU
		{79ECBBFA-F88C-4F0A-8A0F-585AF0D06637}.Release|Any CPU.Build.0 = Release|Any CPU
		{CF72F177-A4E4-4DBE-9BAA-31D418E3F4A7}.Debug|Any CPU.ActiveCfg = Debug|Any CPU
		{CF72F177-A4E4-4DBE-9BAA-31D418E3F4A7}.Debug|Any CPU.Build.0 = Debug|Any CPU
		{CF72F177-A4E4-4DBE-9BAA-31D418E3F4A7}.Release|Any CPU.ActiveCfg = Release|Any CPU
		{CF72F177-A4E4-4DBE-9BAA-31D418E3F4A7}.Release|Any CPU.Build.0 = Release|Any CPU
	EndGlobalSection
	GlobalSection(SolutionProperties) = preSolution
		HideSolutionNode = FALSE
	EndGlobalSection
	GlobalSection(NestedProjects) = preSolution
		{0A04DFED-9EF6-4B21-9216-38DF89DA06CD} = {5C5A5AA8-7FEC-4178-8854-D5030C548AF2}
		{D608784C-D8E4-4F17-882D-FCCDC4B70496} = {5C5A5AA8-7FEC-4178-8854-D5030C548AF2}
		{346F137B-A45F-4CD2-9780-47440FC5FFC3} = {5C5A5AA8-7FEC-4178-8854-D5030C548AF2}
		{2EF99722-EE66-4B9D-A302-47FB934FD7D6} = {5C5A5AA8-7FEC-4178-8854-D5030C548AF2}
		{6D85DD5B-CD5B-4695-A62D-B64836ACD5FD} = {5C5A5AA8-7FEC-4178-8854-D5030C548AF2}
		{0E4905AA-B9C4-4B20-9879-EE3DCA5DF946} = {5C5A5AA8-7FEC-4178-8854-D5030C548AF2}
		{EAE96731-3F4F-4433-A21E-ED069F278D5F} = {D608784C-D8E4-4F17-882D-FCCDC4B70496}
		{315DE1B0-E7C9-42BC-8A1B-4074F6AD4EAB} = {346F137B-A45F-4CD2-9780-47440FC5FFC3}
		{7F7564C3-564C-45DA-A3C3-01584E3E0C24} = {D608784C-D8E4-4F17-882D-FCCDC4B70496}
		{79ECBBFA-F88C-4F0A-8A0F-585AF0D06637} = {7F7564C3-564C-45DA-A3C3-01584E3E0C24}
		{CF72F177-A4E4-4DBE-9BAA-31D418E3F4A7} = {D608784C-D8E4-4F17-882D-FCCDC4B70496}
	EndGlobalSection
	GlobalSection(ExtensibilityGlobals) = postSolution
		SolutionGuid = {5B91C663-406A-4B32-AD04-5353F6F84ED8}
	EndGlobalSection
EndGlobal
